
Microsoft Visual Studio Solution File, Format Version 12.00
# Visual Studio Version 17
VisualStudioVersion = 17.4.33213.308
MinimumVisualStudioVersion = 10.0.40219.1
Project("{FAE04EC0-301F-11D3-BF4B-00C04F79EFBC}") = "NetCoreEF", "NetCoreEF\NetCoreEF.csproj", "{7860BAFE-D0AB-4BD2-8FE0-70F14B872AF7}"
EndProject
Global
	GlobalSection(SolutionConfigurationPlatforms) = preSolution
		Debug|Any CPU = Debug|Any CPU
		Release|Any CPU = Release|Any CPU
	EndGlobalSection
	GlobalSection(ProjectConfigurationPlatforms) = postSolution
		{7860BAFE-D0AB-4BD2-8FE0-70F14B872AF7}.Debug|Any CPU.ActiveCfg = Debug|Any CPU
		{7860BAFE-D0AB-4BD2-8FE0-70F14B872AF7}.Debug|Any CPU.Build.0 = Debug|Any CPU
		{7860BAFE-D0AB-4BD2-8FE0-70F14B872AF7}.Release|Any CPU.ActiveCfg = Release|Any CPU
		{7860BAFE-D0AB-4BD2-8FE0-70F14B872AF7}.Release|Any CPU.Build.0 = Release|Any CPU
	EndGlobalSection
	GlobalSection(SolutionProperties) = preSolution
		HideSolutionNode = FALSE
	EndGlobalSection
	GlobalSection(ExtensibilityGlobals) = postSolution
		SolutionGuid = {224A3614-F822-42CB-8B7E-E351282802AD}
	EndGlobalSection
EndGlobal
